{
  "originHash" : "f096ebe966d902983e1f127b218bd47043c913438164a0554f893cd494709fe7",
  "pins" : [
    {
      "identity" : "biblekit",
      "kind" : "remoteSourceControl",
      "location" : "https://github.com/SwordReader/BibleKit.git",
      "state" : {
        "revision" : "1c35680de5a7affb599a8cc0abce338c76b2d30c",
        "version" : "0.3.0"
      }
    },
    {
      "identity" : "swordkit",
      "kind" : "remoteSourceControl",
      "location" : "https://github.com/orbeavers14/SwordKit.git",
      "state" : {
        "revision" : "998ce4ae81def645a7c2d53053efc8866dc95daa",
        "version" : "0.6.1"
      }
    }
  ],
  "version" : 3
}
